{
  "name": "sike",
  "lockfileVersion": 2,
  "requires": true,
  "packages": {
    "": {
      "dependencies": {
        "@naszifnaaz/sike-package": "^0.0.1"
      }
    },
    "node_modules/@naszifnaaz/sike-package": {
      "version": "0.0.1",
      "resolved": "https://registry.npmjs.org/@naszifnaaz/sike-package/-/sike-package-0.0.1.tgz",
      "integrity": "sha512-S33CDgtXsk34+df0SCWCcSADQIyvwNofctY470Umf2XUfuqpOetO0Z0RfR4jwvnGNZ2iNf4+qSv/1N2m7YF1mA=="
    }
  },
  "dependencies": {
    "@naszifnaaz/sike-package": {
      "version": "0.0.1",
      "resolved": "https://registry.npmjs.org/@naszifnaaz/sike-package/-/sike-package-0.0.1.tgz",
      "integrity": "sha512-S33CDgtXsk34+df0SCWCcSADQIyvwNofctY470Umf2XUfuqpOetO0Z0RfR4jwvnGNZ2iNf4+qSv/1N2m7YF1mA=="
    }
  }
}
